
Microsoft Visual Studio Solution File, Format Version 12.00
# Visual Studio 15
VisualStudioVersion = 15.0.26430.13
MinimumVisualStudioVersion = 10.0.40219.1
Project("{FAE04EC0-301F-11D3-BF4B-00C04F79EFBC}") = "Guess_word_game", "Guess_word_game\Guess_word_game.csproj", "{99C9E82C-C594-446D-AA59-8FFBC43AD226}"
EndProject
Project("{FAE04EC0-301F-11D3-BF4B-00C04F79EFBC}") = "Guess_word_game_tests", "Guess_word_game_tests\Guess_word_game_tests.csproj", "{5F9961E0-5B20-46DF-885F-8F15B66CC60E}"
EndProject
Global
	GlobalSection(SolutionConfigurationPlatforms) = preSolution
		Debug|Any CPU = Debug|Any CPU
		Release|Any CPU = Release|Any CPU
	EndGlobalSection
	GlobalSection(ProjectConfigurationPlatforms) = postSolution
		{99C9E82C-C594-446D-AA59-8FFBC43AD226}.Debug|Any CPU.ActiveCfg = Debug|Any CPU
		{99C9E82C-C594-446D-AA59-8FFBC43AD226}.Debug|Any CPU.Build.0 = Debug|Any CPU
		{99C9E82C-C594-446D-AA59-8FFBC43AD226}.Release|Any CPU.ActiveCfg = Release|Any CPU
		{99C9E82C-C594-446D-AA59-8FFBC43AD226}.Release|Any CPU.Build.0 = Release|Any CPU
		{5F9961E0-5B20-46DF-885F-8F15B66CC60E}.Debug|Any CPU.ActiveCfg = Debug|Any CPU
		{5F9961E0-5B20-46DF-885F-8F15B66CC60E}.Debug|Any CPU.Build.0 = Debug|Any CPU
		{5F9961E0-5B20-46DF-885F-8F15B66CC60E}.Release|Any CPU.ActiveCfg = Release|Any CPU
		{5F9961E0-5B20-46DF-885F-8F15B66CC60E}.Release|Any CPU.Build.0 = Release|Any CPU
	EndGlobalSection
	GlobalSection(SolutionProperties) = preSolution
		HideSolutionNode = FALSE
	EndGlobalSection
EndGlobal
