
Microsoft Visual Studio Solution File, Format Version 12.00
# Visual Studio 15
VisualStudioVersion = 15.0.26730.12
MinimumVisualStudioVersion = 10.0.40219.1
Project("{FAE04EC0-301F-11D3-BF4B-00C04F79EFBC}") = "PrismLab_1", "PrismLab_1\PrismLab_1.csproj", "{99C9E82C-C594-446D-AA59-8FFBC43AD226}"
EndProject
Project("{FAE04EC0-301F-11D3-BF4B-00C04F79EFBC}") = "PrismLab_1_Test", "PrismLab_1_Test\PrismLab_1_Test.csproj", "{E420A590-7C1B-4303-9074-02BE5BE1FC3D}"
EndProject
Global
	GlobalSection(SolutionConfigurationPlatforms) = preSolution
		Debug|Any CPU = Debug|Any CPU
		Release|Any CPU = Release|Any CPU
	EndGlobalSection
	GlobalSection(ProjectConfigurationPlatforms) = postSolution
		{99C9E82C-C594-446D-AA59-8FFBC43AD226}.Debug|Any CPU.ActiveCfg = Debug|Any CPU
		{99C9E82C-C594-446D-AA59-8FFBC43AD226}.Debug|Any CPU.Build.0 = Debug|Any CPU
		{99C9E82C-C594-446D-AA59-8FFBC43AD226}.Release|Any CPU.ActiveCfg = Release|Any CPU
		{99C9E82C-C594-446D-AA59-8FFBC43AD226}.Release|Any CPU.Build.0 = Release|Any CPU
		{E420A590-7C1B-4303-9074-02BE5BE1FC3D}.Debug|Any CPU.ActiveCfg = Debug|Any CPU
		{E420A590-7C1B-4303-9074-02BE5BE1FC3D}.Debug|Any CPU.Build.0 = Debug|Any CPU
		{E420A590-7C1B-4303-9074-02BE5BE1FC3D}.Release|Any CPU.ActiveCfg = Release|Any CPU
		{E420A590-7C1B-4303-9074-02BE5BE1FC3D}.Release|Any CPU.Build.0 = Release|Any CPU
	EndGlobalSection
	GlobalSection(SolutionProperties) = preSolution
		HideSolutionNode = FALSE
	EndGlobalSection
	GlobalSection(ExtensibilityGlobals) = postSolution
		SolutionGuid = {19CDCE4C-391B-493E-BD6F-0EB2E76837BD}
	EndGlobalSection
EndGlobal
